// !$*UTF8*$!
{
	archiveVersion = 1;
	classes = {
	};
	objectVersion = 55;
	objects = {

/* Begin PBXBuildFile section */
		4D440C3A27B6CB1C0089C31B /* AppDelegate.swift in Sources */ = {isa = PBXBuildFile; fileRef = 4D440C3927B6CB1C0089C31B /* AppDelegate.swift */; };
		4D440C3C27B6CB1C0089C31B /* SceneDelegate.swift in Sources */ = {isa = PBXBuildFile; fileRef = 4D440C3B27B6CB1C0089C31B /* SceneDelegate.swift */; };
		4D440C3E27B6CB1C0089C31B /* SelectAgeViewController.swift in Sources */ = {isa = PBXBuildFile; fileRef = 4D440C3D27B6CB1C0089C31B /* SelectAgeViewController.swift */; };
		4D440C4127B6CB1C0089C31B /* Main.storyboard in Resources */ = {isa = PBXBuildFile; fileRef = 4D440C3F27B6CB1C0089C31B /* Main.storyboard */; };
		4D440C4327B6CB1D0089C31B /* Assets.xcassets in Resources */ = {isa = PBXBuildFile; fileRef = 4D440C4227B6CB1D0089C31B /* Assets.xcassets */; };
		4D440C4627B6CB1D0089C31B /* LaunchScreen.storyboard in Resources */ = {isa = PBXBuildFile; fileRef = 4D440C4427B6CB1D0089C31B /* LaunchScreen.storyboard */; };
		4D440C5427B6F2480089C31B /* NibLoadable.swift in Sources */ = {isa = PBXBuildFile; fileRef = 4D440C5327B6F2480089C31B /* NibLoadable.swift */; };
		4D440C5E27B7BE440089C31B /* AgeButton.xib in Resources */ = {isa = PBXBuildFile; fileRef = 4D440C5D27B7BE440089C31B /* AgeButton.xib */; };
		4D440C6027B7BE640089C31B /* AgeButton.swift in Sources */ = {isa = PBXBuildFile; fileRef = 4D440C5F27B7BE640089C31B /* AgeButton.swift */; };
		4D440C6227B7D8B30089C31B /* SetParametersViewController.swift in Sources */ = {isa = PBXBuildFile; fileRef = 4D440C6127B7D8B30089C31B /* SetParametersViewController.swift */; };
		4D6F554827C149EC0070ACEB /* TabBarViewController.swift in Sources */ = {isa = PBXBuildFile; fileRef = 4D6F554727C149EC0070ACEB /* TabBarViewController.swift */; };
/* End PBXBuildFile section */

/* Begin PBXFileReference section */
		4D440C3627B6CB1C0089C31B /* CalculatorBMI.app */ = {isa = PBXFileReference; explicitFileType = wrapper.application; includeInIndex = 0; path = CalculatorBMI.app; sourceTree = BUILT_PRODUCTS_DIR; };
		4D440C3927B6CB1C0089C31B /* AppDelegate.swift */ = {isa = PBXFileReference; lastKnownFileType = sourcecode.swift; path = AppDelegate.swift; sourceTree = "<group>"; };
		4D440C3B27B6CB1C0089C31B /* SceneDelegate.swift */ = {isa = PBXFileReference; lastKnownFileType = sourcecode.swift; path = SceneDelegate.swift; sourceTree = "<group>"; };
		4D440C3D27B6CB1C0089C31B /* SelectAgeViewController.swift */ = {isa = PBXFileReference; lastKnownFileType = sourcecode.swift; path = SelectAgeViewController.swift; sourceTree = "<group>"; };
		4D440C4027B6CB1C0089C31B /* Base */ = {isa = PBXFileReference; lastKnownFileType = file.storyboard; name = Base; path = Base.lproj/Main.storyboard; sourceTree = "<group>"; };
		4D440C4227B6CB1D0089C31B /* Assets.xcassets */ = {isa = PBXFileReference; lastKnownFileType = folder.assetcatalog; path = Assets.xcassets; sourceTree = "<group>"; };
		4D440C4527B6CB1D0089C31B /* Base */ = {isa = PBXFileReference; lastKnownFileType = file.storyboard; name = Base; path = Base.lproj/LaunchScreen.storyboard; sourceTree = "<group>"; };
		4D440C4727B6CB1D0089C31B /* Info.plist */ = {isa = PBXFileReference; lastKnownFileType = text.plist.xml; path = Info.plist; sourceTree = "<group>"; };
		4D440C5327B6F2480089C31B /* NibLoadable.swift */ = {isa = PBXFileReference; lastKnownFileType = sourcecode.swift; path = NibLoadable.swift; sourceTree = "<group>"; };
		4D440C5D27B7BE440089C31B /* AgeButton.xib */ = {isa = PBXFileReference; lastKnownFileType = file.xib; path = AgeButton.xib; sourceTree = "<group>"; };
		4D440C5F27B7BE640089C31B /* AgeButton.swift */ = {isa = PBXFileReference; lastKnownFileType = sourcecode.swift; path = AgeButton.swift; sourceTree = "<group>"; };
		4D440C6127B7D8B30089C31B /* SetParametersViewController.swift */ = {isa = PBXFileReference; lastKnownFileType = sourcecode.swift; path = SetParametersViewController.swift; sourceTree = "<group>"; };
		4D6F554727C149EC0070ACEB /* TabBarViewController.swift */ = {isa = PBXFileReference; lastKnownFileType = sourcecode.swift; path = TabBarViewController.swift; sourceTree = "<group>"; };
/* End PBXFileReference section */

/* Begin PBXFrameworksBuildPhase section */
		4D440C3327B6CB1C0089C31B /* Frameworks */ = {
			isa = PBXFrameworksBuildPhase;
			buildActionMask = 2147483647;
			files = (
			);
			runOnlyForDeploymentPostprocessing = 0;
		};
/* End PBXFrameworksBuildPhase section */

/* Begin PBXGroup section */
		4D440C2D27B6CB1C0089C31B = {
			isa = PBXGroup;
			children = (
				4D440C3827B6CB1C0089C31B /* CalculatorBMI */,
				4D440C3727B6CB1C0089C31B /* Products */,
			);
			sourceTree = "<group>";
		};
		4D440C3727B6CB1C0089C31B /* Products */ = {
			isa = PBXGroup;
			children = (
				4D440C3627B6CB1C0089C31B /* CalculatorBMI.app */,
			);
			name = Products;
			sourceTree = "<group>";
		};
		4D440C3827B6CB1C0089C31B /* CalculatorBMI */ = {
			isa = PBXGroup;
			children = (
				4D440C5227B6F1DE0089C31B /* Components */,
				4D440C5127B6CB960089C31B /* ViewControllers */,
				4D440C5027B6CB8C0089C31B /* Models */,
				4D440C4F27B6CB6A0089C31B /* Storyboards */,
				4D440C4E27B6CB5F0089C31B /* App */,
				4D440C4D27B6CB4E0089C31B /* Resources */,
			);
			path = CalculatorBMI;
			sourceTree = "<group>";
		};
		4D440C4D27B6CB4E0089C31B /* Resources */ = {
			isa = PBXGroup;
			children = (
				4D440C4227B6CB1D0089C31B /* Assets.xcassets */,
			);
			path = Resources;
			sourceTree = "<group>";
		};
		4D440C4E27B6CB5F0089C31B /* App */ = {
			isa = PBXGroup;
			children = (
				4D440C3B27B6CB1C0089C31B /* SceneDelegate.swift */,
				4D440C3927B6CB1C0089C31B /* AppDelegate.swift */,
				4D440C4727B6CB1D0089C31B /* Info.plist */,
			);
			path = App;
			sourceTree = "<group>";
		};
		4D440C4F27B6CB6A0089C31B /* Storyboards */ = {
			isa = PBXGroup;
			children = (
				4D440C3F27B6CB1C0089C31B /* Main.storyboard */,
				4D440C4427B6CB1D0089C31B /* LaunchScreen.storyboard */,
			);
			path = Storyboards;
			sourceTree = "<group>";
		};
		4D440C5027B6CB8C0089C31B /* Models */ = {
			isa = PBXGroup;
			children = (
			);
			path = Models;
			sourceTree = "<group>";
		};
		4D440C5127B6CB960089C31B /* ViewControllers */ = {
			isa = PBXGroup;
			children = (
				4D440C3D27B6CB1C0089C31B /* SelectAgeViewController.swift */,
				4D440C6127B7D8B30089C31B /* SetParametersViewController.swift */,
				4D6F554727C149EC0070ACEB /* TabBarViewController.swift */,
			);
			path = ViewControllers;
			sourceTree = "<group>";
		};
		4D440C5227B6F1DE0089C31B /* Components */ = {
			isa = PBXGroup;
			children = (
				4D440C5327B6F2480089C31B /* NibLoadable.swift */,
				4D440C5C27B7BD8F0089C31B /* AgeButton */,
			);
			path = Components;
			sourceTree = "<group>";
		};
		4D440C5C27B7BD8F0089C31B /* AgeButton */ = {
			isa = PBXGroup;
			children = (
				4D440C5D27B7BE440089C31B /* AgeButton.xib */,
				4D440C5F27B7BE640089C31B /* AgeButton.swift */,
			);
			path = AgeButton;
			sourceTree = "<group>";
		};
/* End PBXGroup section */

/* Begin PBXNativeTarget section */
		4D440C3527B6CB1C0089C31B /* CalculatorBMI */ = {
			isa = PBXNativeTarget;
			buildConfigurationList = 4D440C4A27B6CB1D0089C31B /* Build configuration list for PBXNativeTarget "CalculatorBMI" */;
			buildPhases = (
				4D440C3227B6CB1C0089C31B /* Sources */,
				4D440C3327B6CB1C0089C31B /* Frameworks */,
				4D440C3427B6CB1C0089C31B /* Resources */,
			);
			buildRules = (
			);
			dependencies = (
			);
			name = CalculatorBMI;
			productName = CalculatorBMI;
			productReference = 4D440C3627B6CB1C0089C31B /* CalculatorBMI.app */;
			productType = "com.apple.product-type.application";
		};
/* End PBXNativeTarget section */

/* Begin PBXProject section */
		4D440C2E27B6CB1C0089C31B /* Project object */ = {
			isa = PBXProject;
			attributes = {
				BuildIndependentTargetsInParallel = 1;
				LastSwiftUpdateCheck = 1320;
				LastUpgradeCheck = 1320;
				TargetAttributes = {
					4D440C3527B6CB1C0089C31B = {
						CreatedOnToolsVersion = 13.2.1;
					};
				};
			};
			buildConfigurationList = 4D440C3127B6CB1C0089C31B /* Build configuration list for PBXProject "CalculatorBMI" */;
			compatibilityVersion = "Xcode 13.0";
			developmentRegion = en;
			hasScannedForEncodings = 0;
			knownRegions = (
				en,
				Base,
			);
			mainGroup = 4D440C2D27B6CB1C0089C31B;
			productRefGroup = 4D440C3727B6CB1C0089C31B /* Products */;
			projectDirPath = "";
			projectRoot = "";
			targets = (
				4D440C3527B6CB1C0089C31B /* CalculatorBMI */,
			);
		};
/* End PBXProject section */

/* Begin PBXResourcesBuildPhase section */
		4D440C3427B6CB1C0089C31B /* Resources */ = {
			isa = PBXResourcesBuildPhase;
			buildActionMask = 2147483647;
			files = (
				4D440C4627B6CB1D0089C31B /* LaunchScreen.storyboard in Resources */,
				4D440C4327B6CB1D0089C31B /* Assets.xcassets in Resources */,
				4D440C4127B6CB1C0089C31B /* Main.storyboard in Resources */,
				4D440C5E27B7BE440089C31B /* AgeButton.xib in Resources */,
			);
			runOnlyForDeploymentPostprocessing = 0;
		};
/* End PBXResourcesBuildPhase section */

/* Begin PBXSourcesBuildPhase section */
		4D440C3227B6CB1C0089C31B /* Sources */ = {
			isa = PBXSourcesBuildPhase;
			buildActionMask = 2147483647;
			files = (
				4D6F554827C149EC0070ACEB /* TabBarViewController.swift in Sources */,
				4D440C3E27B6CB1C0089C31B /* SelectAgeViewController.swift in Sources */,
				4D440C5427B6F2480089C31B /* NibLoadable.swift in Sources */,
				4D440C6027B7BE640089C31B /* AgeButton.swift in Sources */,
				4D440C3A27B6CB1C0089C31B /* AppDelegate.swift in Sources */,
				4D440C3C27B6CB1C0089C31B /* SceneDelegate.swift in Sources */,
				4D440C6227B7D8B30089C31B /* SetParametersViewController.swift in Sources */,
			);
			runOnlyForDeploymentPostprocessing = 0;
		};
/* End PBXSourcesBuildPhase section */

/* Begin PBXVariantGroup section */
		4D440C3F27B6CB1C0089C31B /* Main.storyboard */ = {
			isa = PBXVariantGroup;
			children = (
				4D440C4027B6CB1C0089C31B /* Base */,
			);
			name = Main.storyboard;
			sourceTree = "<group>";
		};
		4D440C4427B6CB1D0089C31B /* LaunchScreen.storyboard */ = {
			isa = PBXVariantGroup;
			children = (
				4D440C4527B6CB1D0089C31B /* Base */,
			);
			name = LaunchScreen.storyboard;
			sourceTree = "<group>";
		};
/* End PBXVariantGroup section */

/* Begin XCBuildConfiguration section */
		4D440C4827B6CB1D0089C31B /* Debug */ = {
			isa = XCBuildConfiguration;
			buildSettings = {
				ALWAYS_SEARCH_USER_PATHS = NO;
				CLANG_ANALYZER_NONNULL = YES;
				CLANG_ANALYZER_NUMBER_OBJECT_CONVERSION = YES_AGGRESSIVE;
				CLANG_CXX_LANGUAGE_STANDARD = "gnu++17";
				CLANG_CXX_LIBRARY = "libc++";
				CLANG_ENABLE_MODULES = YES;
				CLANG_ENABLE_OBJC_ARC = YES;
				CLANG_ENABLE_OBJC_WEAK = YES;
				CLANG_WARN_BLOCK_CAPTURE_AUTORELEASING = YES;
				CLANG_WARN_BOOL_CONVERSION = YES;
				CLANG_WARN_COMMA = YES;
				CLANG_WARN_CONSTANT_CONVERSION = YES;
				CLANG_WARN_DEPRECATED_OBJC_IMPLEMENTATIONS = YES;
				CLANG_WARN_DIRECT_OBJC_ISA_USAGE = YES_ERROR;
				CLANG_WARN_DOCUMENTATION_COMMENTS = YES;
				CLANG_WARN_EMPTY_BODY = YES;
				CLANG_WARN_ENUM_CONVERSION = YES;
				CLANG_WARN_INFINITE_RECURSION = YES;
				CLANG_WARN_INT_CONVERSION = YES;
				CLANG_WARN_NON_LITERAL_NULL_CONVERSION = YES;
				CLANG_WARN_OBJC_IMPLICIT_RETAIN_SELF = YES;
				CLANG_WARN_OBJC_LITERAL_CONVERSION = YES;
				CLANG_WARN_OBJC_ROOT_CLASS = YES_ERROR;
				CLANG_WARN_QUOTED_INCLUDE_IN_FRAMEWORK_HEADER = YES;
				CLANG_WARN_RANGE_LOOP_ANALYSIS = YES;
				CLANG_WARN_STRICT_PROTOTYPES = YES;
				CLANG_WARN_SUSPICIOUS_MOVE = YES;
				CLANG_WARN_UNGUARDED_AVAILABILITY = YES_AGGRESSIVE;
				CLANG_WARN_UNREACHABLE_CODE = YES;
				CLANG_WARN__DUPLICATE_METHOD_MATCH = YES;
				COPY_PHASE_STRIP = NO;
				DEBUG_INFORMATION_FORMAT = dwarf;
				ENABLE_STRICT_OBJC_MSGSEND = YES;
				ENABLE_TESTABILITY = YES;
				GCC_C_LANGUAGE_STANDARD = gnu11;
				GCC_DYNAMIC_NO_PIC = NO;
				GCC_NO_COMMON_BLOCKS = YES;
				GCC_OPTIMIZATION_LEVEL = 0;
				GCC_PREPROCESSOR_DEFINITIONS = (
					"DEBUG=1",
					"$(inherited)",
				);
				GCC_WARN_64_TO_32_BIT_CONVERSION = YES;
				GCC_WARN_ABOUT_RETURN_TYPE = YES_ERROR;
				GCC_WARN_UNDECLARED_SELECTOR = YES;
				GCC_WARN_UNINITIALIZED_AUTOS = YES_AGGRESSIVE;
				GCC_WARN_UNUSED_FUNCTION = YES;
				GCC_WARN_UNUSED_VARIABLE = YES;
				IPHONEOS_DEPLOYMENT_TARGET = 15.2;
				MTL_ENABLE_DEBUG_INFO = INCLUDE_SOURCE;
				MTL_FAST_MATH = YES;
				ONLY_ACTIVE_ARCH = YES;
				SDKROOT = iphoneos;
				SWIFT_ACTIVE_COMPILATION_CONDITIONS = DEBUG;
				SWIFT_OPTIMIZATION_LEVEL = "-Onone";
			};
			name = Debug;
		};
		4D440C4927B6CB1D0089C31B /* Release */ = {
			isa = XCBuildConfiguration;
			buildSettings = {
				ALWAYS_SEARCH_USER_PATHS = NO;
				CLANG_ANALYZER_NONNULL = YES;
				CLANG_ANALYZER_NUMBER_OBJECT_CONVERSION = YES_AGGRESSIVE;
				CLANG_CXX_LANGUAGE_STANDARD = "gnu++17";
				CLANG_CXX_LIBRARY = "libc++";
				CLANG_ENABLE_MODULES = YES;
				CLANG_ENABLE_OBJC_ARC = YES;
				CLANG_ENABLE_OBJC_WEAK = YES;
				CLANG_WARN_BLOCK_CAPTURE_AUTORELEASING = YES;
				CLANG_WARN_BOOL_CONVERSION = YES;
				CLANG_WARN_COMMA = YES;
				CLANG_WARN_CONSTANT_CONVERSION = YES;
				CLANG_WARN_DEPRECATED_OBJC_IMPLEMENTATIONS = YES;
				CLANG_WARN_DIRECT_OBJC_ISA_USAGE = YES_ERROR;
				CLANG_WARN_DOCUMENTATION_COMMENTS = YES;
				CLANG_WARN_EMPTY_BODY = YES;
				CLANG_WARN_ENUM_CONVERSION = YES;
				CLANG_WARN_INFINITE_RECURSION = YES;
				CLANG_WARN_INT_CONVERSION = YES;
				CLANG_WARN_NON_LITERAL_NULL_CONVERSION = YES;
				CLANG_WARN_OBJC_IMPLICIT_RETAIN_SELF = YES;
				CLANG_WARN_OBJC_LITERAL_CONVERSION = YES;
				CLANG_WARN_OBJC_ROOT_CLASS = YES_ERROR;
				CLANG_WARN_QUOTED_INCLUDE_IN_FRAMEWORK_HEADER = YES;
				CLANG_WARN_RANGE_LOOP_ANALYSIS = YES;
				CLANG_WARN_STRICT_PROTOTYPES = YES;
				CLANG_WARN_SUSPICIOUS_MOVE = YES;
				CLANG_WARN_UNGUARDED_AVAILABILITY = YES_AGGRESSIVE;
				CLANG_WARN_UNREACHABLE_CODE = YES;
				CLANG_WARN__DUPLICATE_METHOD_MATCH = YES;
				COPY_PHASE_STRIP = NO;
				DEBUG_INFORMATION_FORMAT = "dwarf-with-dsym";
				ENABLE_NS_ASSERTIONS = NO;
				ENABLE_STRICT_OBJC_MSGSEND = YES;
				GCC_C_LANGUAGE_STANDARD = gnu11;
				GCC_NO_COMMON_BLOCKS = YES;
				GCC_WARN_64_TO_32_BIT_CONVERSION = YES;
				GCC_WARN_ABOUT_RETURN_TYPE = YES_ERROR;
				GCC_WARN_UNDECLARED_SELECTOR = YES;
				GCC_WARN_UNINITIALIZED_AUTOS = YES_AGGRESSIVE;
				GCC_WARN_UNUSED_FUNCTION = YES;
				GCC_WARN_UNUSED_VARIABLE = YES;
				IPHONEOS_DEPLOYMENT_TARGET = 15.2;
				MTL_ENABLE_DEBUG_INFO = NO;
				MTL_FAST_MATH = YES;
				SDKROOT = iphoneos;
				SWIFT_COMPILATION_MODE = wholemodule;
				SWIFT_OPTIMIZATION_LEVEL = "-O";
				VALIDATE_PRODUCT = YES;
			};
			name = Release;
		};
		4D440C4B27B6CB1D0089C31B /* Debug */ = {
			isa = XCBuildConfiguration;
			buildSettings = {
				ASSETCATALOG_COMPILER_APPICON_NAME = AppIcon;
				ASSETCATALOG_COMPILER_GLOBAL_ACCENT_COLOR_NAME = AccentColor;
				CODE_SIGN_STYLE = Manual;
				CURRENT_PROJECT_VERSION = 1;
				DEVELOPMENT_TEAM = "";
				GENERATE_INFOPLIST_FILE = YES;
				INFOPLIST_FILE = CalculatorBMI/App/Info.plist;
				INFOPLIST_KEY_UIApplicationSupportsIndirectInputEvents = YES;
				INFOPLIST_KEY_UILaunchStoryboardName = LaunchScreen;
				INFOPLIST_KEY_UIMainStoryboardFile = Main;
				INFOPLIST_KEY_UISupportedInterfaceOrientations = UIInterfaceOrientationPortrait;
				INFOPLIST_KEY_UISupportedInterfaceOrientations_iPad = "UIInterfaceOrientationPortrait UIInterfaceOrientationPortraitUpsideDown UIInterfaceOrientationLandscapeLeft UIInterfaceOrientationLandscapeRight";
				INFOPLIST_KEY_UISupportedInterfaceOrientations_iPhone = "UIInterfaceOrientationPortrait UIInterfaceOrientationLandscapeLeft UIInterfaceOrientationLandscapeRight";
				LD_RUNPATH_SEARCH_PATHS = (
					"$(inherited)",
					"@executable_path/Frameworks",
				);
				MARKETING_VERSION = 1.0;
				PRODUCT_BUNDLE_IDENTIFIER = nastia.CalculatorBMI;
				PRODUCT_NAME = "$(TARGET_NAME)";
				PROVISIONING_PROFILE_SPECIFIER = "";
				SWIFT_EMIT_LOC_STRINGS = YES;
				SWIFT_VERSION = 5.0;
				TARGETED_DEVICE_FAMILY = 1;
			};
			name = Debug;
		};
		4D440C4C27B6CB1D0089C31B /* Release */ = {
			isa = XCBuildConfiguration;
			buildSettings = {
				ASSETCATALOG_COMPILER_APPICON_NAME = AppIcon;
				ASSETCATALOG_COMPILER_GLOBAL_ACCENT_COLOR_NAME = AccentColor;
				CODE_SIGN_STYLE = Manual;
				CURRENT_PROJECT_VERSION = 1;
				DEVELOPMENT_TEAM = "";
				GENERATE_INFOPLIST_FILE = YES;
				INFOPLIST_FILE = CalculatorBMI/App/Info.plist;
				INFOPLIST_KEY_UIApplicationSupportsIndirectInputEvents = YES;
				INFOPLIST_KEY_UILaunchStoryboardName = LaunchScreen;
				INFOPLIST_KEY_UIMainStoryboardFile = Main;
				INFOPLIST_KEY_UISupportedInterfaceOrientations = UIInterfaceOrientationPortrait;
				INFOPLIST_KEY_UISupportedInterfaceOrientations_iPad = "UIInterfaceOrientationPortrait UIInterfaceOrientationPortraitUpsideDown UIInterfaceOrientationLandscapeLeft UIInterfaceOrientationLandscapeRight";
				INFOPLIST_KEY_UISupportedInterfaceOrientations_iPhone = "UIInterfaceOrientationPortrait UIInterfaceOrientationLandscapeLeft UIInterfaceOrientationLandscapeRight";
				LD_RUNPATH_SEARCH_PATHS = (
					"$(inherited)",
					"@executable_path/Frameworks",
				);
				MARKETING_VERSION = 1.0;
				PRODUCT_BUNDLE_IDENTIFIER = nastia.CalculatorBMI;
				PRODUCT_NAME = "$(TARGET_NAME)";
				PROVISIONING_PROFILE_SPECIFIER = "";
				SWIFT_EMIT_LOC_STRINGS = YES;
				SWIFT_VERSION = 5.0;
				TARGETED_DEVICE_FAMILY = 1;
			};
			name = Release;
		};
/* End XCBuildConfiguration section */

/* Begin XCConfigurationList section */
		4D440C3127B6CB1C0089C31B /* Build configuration list for PBXProject "CalculatorBMI" */ = {
			isa = XCConfigurationList;
			buildConfigurations = (
				4D440C4827B6CB1D0089C31B /* Debug */,
				4D440C4927B6CB1D0089C31B /* Release */,
			);
			defaultConfigurationIsVisible = 0;
			defaultConfigurationName = Release;
		};
		4D440C4A27B6CB1D0089C31B /* Build configuration list for PBXNativeTarget "CalculatorBMI" */ = {
			isa = XCConfigurationList;
			buildConfigurations = (
				4D440C4B27B6CB1D0089C31B /* Debug */,
				4D440C4C27B6CB1D0089C31B /* Release */,
			);
			defaultConfigurationIsVisible = 0;
			defaultConfigurationName = Release;
		};
/* End XCConfigurationList section */
	};
	rootObject = 4D440C2E27B6CB1C0089C31B /* Project object */;
}
